<Solution>
  <Project Path="Abstracciones/Abstracciones.csproj" />
  <Project Path="API/API.csproj" Id="bf17d008-5c9c-494c-a6cd-903211a8f5d6" />
  <Project Path="BD/BD.sqlproj" Id="0fde2413-aca2-4e03-bd71-6b22ef1e493d">
    <Build />
    <Deploy />
  </Project>
  <Project Path="DA/DA.csproj" Id="7ef513fd-edbf-44d9-8eb5-c58ca06f780e" />
  <Project Path="Flujo/Flujo.csproj" Id="7414e151-6e41-4f15-8153-66d86a668061" />
  <Project Path="Reglas/Reglas.csproj" Id="817e68c7-efb8-48e9-9064-9df49c5980fe" />
  <Project Path="Servicios/Servicios.csproj" Id="2a2cc65c-66f4-4917-8900-421e48a4aa53" />
</Solution>
